
Microsoft Visual Studio Solution File, Format Version 12.00
Project("{F2A71F9B-5D33-465A-A702-920D77279786}") = "Todo-CLI", "Todo-CLI\Todo-CLI.fsproj", "{90A021C7-DD5C-45A9-982E-4E1B55A2EAC4}"
EndProject
Global
	GlobalSection(SolutionConfigurationPlatforms) = preSolution
		Debug|Any CPU = Debug|Any CPU
		Release|Any CPU = Release|Any CPU
	EndGlobalSection
	GlobalSection(ProjectConfigurationPlatforms) = postSolution
		{90A021C7-DD5C-45A9-982E-4E1B55A2EAC4}.Debug|Any CPU.ActiveCfg = Debug|Any CPU
		{90A021C7-DD5C-45A9-982E-4E1B55A2EAC4}.Debug|Any CPU.Build.0 = Debug|Any CPU
		{90A021C7-DD5C-45A9-982E-4E1B55A2EAC4}.Release|Any CPU.ActiveCfg = Release|Any CPU
		{90A021C7-DD5C-45A9-982E-4E1B55A2EAC4}.Release|Any CPU.Build.0 = Release|Any CPU
	EndGlobalSection
EndGlobal
